
Microsoft Visual Studio Solution File, Format Version 12.00
# Visual Studio 15
VisualStudioVersion = 15.0.27130.2036
MinimumVisualStudioVersion = 10.0.40219.1
Project("{9A19103F-16F7-4668-BE54-9A1E7A4F7556}") = "Sandwych.Hmm", "src\Sandwych.Hmm\Sandwych.Hmm.csproj", "{13A3865C-37AB-49B6-9687-CA285DF2EB04}"
EndProject
Project("{9A19103F-16F7-4668-BE54-9A1E7A4F7556}") = "Sandwych.Hmm.Tests", "test\Sandwych.Hmm.Tests\Sandwych.Hmm.Tests.csproj", "{0F1F7B8D-A56F-4028-9701-7636482404E9}"
EndProject
Project("{2150E333-8FDC-42A3-9474-1A3956D46DE8}") = "Tests", "Tests", "{5F02380C-9094-411E-9CB8-40B6259F79D8}"
EndProject
Project("{9A19103F-16F7-4668-BE54-9A1E7A4F7556}") = "Sandwych.MapMatchingKit", "src\Sandwych.MapMatchingKit\Sandwych.MapMatchingKit.csproj", "{B8F22581-A63E-4F9C-AF6B-A2115F00FD9C}"
EndProject
Project("{9A19103F-16F7-4668-BE54-9A1E7A4F7556}") = "Sandwych.MapMatchingKit.Tests", "test\Sandwych.MapMatchingKit.Tests\Sandwych.MapMatchingKit.Tests.csproj", "{6B856AA6-C7E4-4F3D-8D18-35871BAED45F}"
EndProject
Project("{2150E333-8FDC-42A3-9474-1A3956D46DE8}") = "Examples", "Examples", "{DF6975B6-10B3-49EA-966D-0F623BB27BE9}"
EndProject
Project("{9A19103F-16F7-4668-BE54-9A1E7A4F7556}") = "Sandwych.MapMatchingKit.Examples.HelloWorldApp", "examples\Sandwych.MapMatchingKit.Examples.HelloWorldApp\Sandwych.MapMatchingKit.Examples.HelloWorldApp.csproj", "{2CCF3F1B-FFF3-4153-952D-4564BEB4C11A}"
EndProject
Global
	GlobalSection(Performance) = preSolution
		HasPerformanceSessions = true
	EndGlobalSection
	GlobalSection(SolutionConfigurationPlatforms) = preSolution
		Debug|Any CPU = Debug|Any CPU
		Release|Any CPU = Release|Any CPU
	EndGlobalSection
	GlobalSection(ProjectConfigurationPlatforms) = postSolution
		{13A3865C-37AB-49B6-9687-CA285DF2EB04}.Debug|Any CPU.ActiveCfg = Debug|Any CPU
		{13A3865C-37AB-49B6-9687-CA285DF2EB04}.Debug|Any CPU.Build.0 = Debug|Any CPU
		{13A3865C-37AB-49B6-9687-CA285DF2EB04}.Release|Any CPU.ActiveCfg = Release|Any CPU
		{13A3865C-37AB-49B6-9687-CA285DF2EB04}.Release|Any CPU.Build.0 = Release|Any CPU
		{0F1F7B8D-A56F-4028-9701-7636482404E9}.Debug|Any CPU.ActiveCfg = Debug|Any CPU
		{0F1F7B8D-A56F-4028-9701-7636482404E9}.Debug|Any CPU.Build.0 = Debug|Any CPU
		{0F1F7B8D-A56F-4028-9701-7636482404E9}.Release|Any CPU.ActiveCfg = Release|Any CPU
		{0F1F7B8D-A56F-4028-9701-7636482404E9}.Release|Any CPU.Build.0 = Release|Any CPU
		{B8F22581-A63E-4F9C-AF6B-A2115F00FD9C}.Debug|Any CPU.ActiveCfg = Debug|Any CPU
		{B8F22581-A63E-4F9C-AF6B-A2115F00FD9C}.Debug|Any CPU.Build.0 = Debug|Any CPU
		{B8F22581-A63E-4F9C-AF6B-A2115F00FD9C}.Release|Any CPU.ActiveCfg = Release|Any CPU
		{B8F22581-A63E-4F9C-AF6B-A2115F00FD9C}.Release|Any CPU.Build.0 = Release|Any CPU
		{6B856AA6-C7E4-4F3D-8D18-35871BAED45F}.Debug|Any CPU.ActiveCfg = Debug|Any CPU
		{6B856AA6-C7E4-4F3D-8D18-35871BAED45F}.Debug|Any CPU.Build.0 = Debug|Any CPU
		{6B856AA6-C7E4-4F3D-8D18-35871BAED45F}.Release|Any CPU.ActiveCfg = Release|Any CPU
		{6B856AA6-C7E4-4F3D-8D18-35871BAED45F}.Release|Any CPU.Build.0 = Release|Any CPU
		{2CCF3F1B-FFF3-4153-952D-4564BEB4C11A}.Debug|Any CPU.ActiveCfg = Debug|Any CPU
		{2CCF3F1B-FFF3-4153-952D-4564BEB4C11A}.Debug|Any CPU.Build.0 = Debug|Any CPU
		{2CCF3F1B-FFF3-4153-952D-4564BEB4C11A}.Release|Any CPU.ActiveCfg = Release|Any CPU
		{2CCF3F1B-FFF3-4153-952D-4564BEB4C11A}.Release|Any CPU.Build.0 = Release|Any CPU
	EndGlobalSection
	GlobalSection(SolutionProperties) = preSolution
		HideSolutionNode = FALSE
	EndGlobalSection
	GlobalSection(NestedProjects) = preSolution
		{0F1F7B8D-A56F-4028-9701-7636482404E9} = {5F02380C-9094-411E-9CB8-40B6259F79D8}
		{6B856AA6-C7E4-4F3D-8D18-35871BAED45F} = {5F02380C-9094-411E-9CB8-40B6259F79D8}
		{2CCF3F1B-FFF3-4153-952D-4564BEB4C11A} = {DF6975B6-10B3-49EA-966D-0F623BB27BE9}
	EndGlobalSection
	GlobalSection(ExtensibilityGlobals) = postSolution
		SolutionGuid = {F6CFD619-16DA-4D64-BC25-789DAC1BD83D}
	EndGlobalSection
	GlobalSection(Performance) = preSolution
		HasPerformanceSessions = true
	EndGlobalSection
	GlobalSection(Performance) = preSolution
		HasPerformanceSessions = true
	EndGlobalSection
	GlobalSection(Performance) = preSolution
		HasPerformanceSessions = true
	EndGlobalSection
EndGlobal
