
Microsoft Visual Studio Solution File, Format Version 12.00
# Visual Studio 15
VisualStudioVersion = 15.0.27004.2006
MinimumVisualStudioVersion = 10.0.40219.1
Project("{9A19103F-16F7-4668-BE54-9A1E7A4F7556}") = "Sandwych.Hmm", "src\Sandwych.Hmm\Sandwych.Hmm.csproj", "{13A3865C-37AB-49B6-9687-CA285DF2EB04}"
EndProject
Project("{9A19103F-16F7-4668-BE54-9A1E7A4F7556}") = "Sandwych.Hmm.Benchmark", "benchmark\Sandwych.Hmm.Benchmark\Sandwych.Hmm.Benchmark.csproj", "{19BA8132-7405-41B9-91CC-4E7535748131}"
EndProject
Project("{9A19103F-16F7-4668-BE54-9A1E7A4F7556}") = "Sandwych.Hmm.Tests", "test\Sandwych.Hmm.Tests\Sandwych.Hmm.Tests.csproj", "{0F1F7B8D-A56F-4028-9701-7636482404E9}"
EndProject
Project("{2150E333-8FDC-42A3-9474-1A3956D46DE8}") = "Tests", "Tests", "{5F02380C-9094-411E-9CB8-40B6259F79D8}"
EndProject
Project("{2150E333-8FDC-42A3-9474-1A3956D46DE8}") = "Benchmark", "Benchmark", "{23FE07B7-E394-4F17-A162-CEC270697C78}"
EndProject
Global
	GlobalSection(SolutionConfigurationPlatforms) = preSolution
		Debug|Any CPU = Debug|Any CPU
		Release|Any CPU = Release|Any CPU
	EndGlobalSection
	GlobalSection(ProjectConfigurationPlatforms) = postSolution
		{13A3865C-37AB-49B6-9687-CA285DF2EB04}.Debug|Any CPU.ActiveCfg = Debug|Any CPU
		{13A3865C-37AB-49B6-9687-CA285DF2EB04}.Debug|Any CPU.Build.0 = Debug|Any CPU
		{13A3865C-37AB-49B6-9687-CA285DF2EB04}.Release|Any CPU.ActiveCfg = Release|Any CPU
		{13A3865C-37AB-49B6-9687-CA285DF2EB04}.Release|Any CPU.Build.0 = Release|Any CPU
		{19BA8132-7405-41B9-91CC-4E7535748131}.Debug|Any CPU.ActiveCfg = Debug|Any CPU
		{19BA8132-7405-41B9-91CC-4E7535748131}.Debug|Any CPU.Build.0 = Debug|Any CPU
		{19BA8132-7405-41B9-91CC-4E7535748131}.Release|Any CPU.ActiveCfg = Release|Any CPU
		{19BA8132-7405-41B9-91CC-4E7535748131}.Release|Any CPU.Build.0 = Release|Any CPU
		{0F1F7B8D-A56F-4028-9701-7636482404E9}.Debug|Any CPU.ActiveCfg = Debug|Any CPU
		{0F1F7B8D-A56F-4028-9701-7636482404E9}.Debug|Any CPU.Build.0 = Debug|Any CPU
		{0F1F7B8D-A56F-4028-9701-7636482404E9}.Release|Any CPU.ActiveCfg = Release|Any CPU
		{0F1F7B8D-A56F-4028-9701-7636482404E9}.Release|Any CPU.Build.0 = Release|Any CPU
	EndGlobalSection
	GlobalSection(SolutionProperties) = preSolution
		HideSolutionNode = FALSE
	EndGlobalSection
	GlobalSection(NestedProjects) = preSolution
		{19BA8132-7405-41B9-91CC-4E7535748131} = {23FE07B7-E394-4F17-A162-CEC270697C78}
		{0F1F7B8D-A56F-4028-9701-7636482404E9} = {5F02380C-9094-411E-9CB8-40B6259F79D8}
	EndGlobalSection
	GlobalSection(ExtensibilityGlobals) = postSolution
		SolutionGuid = {F6CFD619-16DA-4D64-BC25-789DAC1BD83D}
	EndGlobalSection
EndGlobal
